# THIS IS AN AUTOGENERATED FILE. DO NOT EDIT THIS FILE DIRECTLY.
# yarn lockfile v1


"@types/color-convert@*":
  version "1.9.0"
  resolved "https://registry.yarnpkg.com/@types/color-convert/-/color-convert-1.9.0.tgz#bfa8203e41e7c65471e9841d7e306a7cd8b5172d"
  dependencies:
    "@types/color-name" "*"

"@types/color-name@*":
  version "1.1.0"
  resolved "https://registry.yarnpkg.com/@types/color-name/-/color-name-1.1.0.tgz#926f76f7e66f49cc59ad880bb15b030abbf0b66d"

"@types/color@^2.0.0":
  version "2.0.0"
  resolved "https://registry.yarnpkg.com/@types/color/-/color-2.0.0.tgz#73c5db00fcf15426d5a12f9af943eed03d7e0984"
  dependencies:
    "@types/color-convert" "*"

"@types/mathjs@^0.0.35":
  version "0.0.35"
  resolved "https://registry.yarnpkg.com/@types/mathjs/-/mathjs-0.0.35.tgz#ac73ba3284653757394e85f17e5a306bc2e77267"

color-convert@^1.8.2:
  version "1.9.0"
  resolved "https://registry.yarnpkg.com/color-convert/-/color-convert-1.9.0.tgz#1accf97dd739b983bf994d56fec8f95853641b7a"
  dependencies:
    color-name "^1.1.1"

color-name@^1.0.0, color-name@^1.1.1:
  version "1.1.3"
  resolved "https://registry.yarnpkg.com/color-name/-/color-name-1.1.3.tgz#a7d0558bd89c42f795dd42328f740831ca53bc25"

color-string@^1.4.0:
  version "1.5.2"
  resolved "https://registry.yarnpkg.com/color-string/-/color-string-1.5.2.tgz#26e45814bc3c9a7cbd6751648a41434514a773a9"
  dependencies:
    color-name "^1.0.0"
    simple-swizzle "^0.2.2"

color@^2.0.0:
  version "2.0.0"
  resolved "https://registry.yarnpkg.com/color/-/color-2.0.0.tgz#e0c9972d1e969857004b101eaa55ceab5961d67d"
  dependencies:
    color-convert "^1.8.2"
    color-string "^1.4.0"

is-arrayish@^0.3.1:
  version "0.3.1"
  resolved "https://registry.yarnpkg.com/is-arrayish/-/is-arrayish-0.3.1.tgz#c2dfc386abaa0c3e33c48db3fe87059e69065efd"

simple-swizzle@^0.2.2:
  version "0.2.2"
  resolved "https://registry.yarnpkg.com/simple-swizzle/-/simple-swizzle-0.2.2.tgz#a4da6b635ffcccca33f70d17cb92592de95e557a"
  dependencies:
    is-arrayish "^0.3.1"

typescript@^2.5.2:
  version "2.5.2"
  resolved "https://registry.yarnpkg.com/typescript/-/typescript-2.5.2.tgz#038a95f7d9bbb420b1bf35ba31d4c5c1dd3ffe34"
